
Microsoft Visual Studio Solution File, Format Version 12.00
Project("{FAE04EC0-301F-11D3-BF4B-00C04F79EFBC}") = "BPSR-SharpCombat", "BPSR-SharpCombat\BPSR-SharpCombat.csproj", "{F61F3FA3-12EA-4752-89D2-2D1BD666797B}"
EndProject
Project("{FAE04EC0-301F-11D3-BF4B-00C04F79EFBC}") = "BPSR-SharpCombat.AppHost", "BPSR-SharpCombat.AppHost\BPSR-SharpCombat.AppHost.csproj", "{1DE23E3E-14D5-4E1C-9507-73E7F09432B9}"
EndProject
Project("{FAE04EC0-301F-11D3-BF4B-00C04F79EFBC}") = "BPSR-SharpCombat.ServiceDefaults", "BPSR-SharpCombat.ServiceDefaults\BPSR-SharpCombat.ServiceDefaults.csproj", "{A11B7EC6-C243-4FBA-BF1D-CA98BFC14A2F}"
EndProject
Global
	GlobalSection(SolutionConfigurationPlatforms) = preSolution
		Debug|Any CPU = Debug|Any CPU
		Release|Any CPU = Release|Any CPU
	EndGlobalSection
	GlobalSection(ProjectConfigurationPlatforms) = postSolution
		{F61F3FA3-12EA-4752-89D2-2D1BD666797B}.Debug|Any CPU.ActiveCfg = Debug|Any CPU
		{F61F3FA3-12EA-4752-89D2-2D1BD666797B}.Debug|Any CPU.Build.0 = Debug|Any CPU
		{F61F3FA3-12EA-4752-89D2-2D1BD666797B}.Release|Any CPU.ActiveCfg = Release|Any CPU
		{F61F3FA3-12EA-4752-89D2-2D1BD666797B}.Release|Any CPU.Build.0 = Release|Any CPU
		{1DE23E3E-14D5-4E1C-9507-73E7F09432B9}.Debug|Any CPU.ActiveCfg = Debug|Any CPU
		{1DE23E3E-14D5-4E1C-9507-73E7F09432B9}.Debug|Any CPU.Build.0 = Debug|Any CPU
		{1DE23E3E-14D5-4E1C-9507-73E7F09432B9}.Release|Any CPU.ActiveCfg = Release|Any CPU
		{1DE23E3E-14D5-4E1C-9507-73E7F09432B9}.Release|Any CPU.Build.0 = Release|Any CPU
		{A11B7EC6-C243-4FBA-BF1D-CA98BFC14A2F}.Debug|Any CPU.ActiveCfg = Debug|Any CPU
		{A11B7EC6-C243-4FBA-BF1D-CA98BFC14A2F}.Debug|Any CPU.Build.0 = Debug|Any CPU
		{A11B7EC6-C243-4FBA-BF1D-CA98BFC14A2F}.Release|Any CPU.ActiveCfg = Release|Any CPU
		{A11B7EC6-C243-4FBA-BF1D-CA98BFC14A2F}.Release|Any CPU.Build.0 = Release|Any CPU
	EndGlobalSection
EndGlobal
